
Microsoft Visual Studio Solution File, Format Version 12.00
# Visual Studio Version 16
VisualStudioVersion = 16.0.29613.14
MinimumVisualStudioVersion = 10.0.40219.1
Project("{9A19103F-16F7-4668-BE54-9A1E7A4F7556}") = "WebApplication1", "WebApplication1\WebApplication1.csproj", "{6483736D-F232-41EA-B289-62A8AD52F8D8}"
EndProject
Global
	GlobalSection(SolutionConfigurationPlatforms) = preSolution
		Debug|Any CPU = Debug|Any CPU
		Release|Any CPU = Release|Any CPU
	EndGlobalSection
	GlobalSection(ProjectConfigurationPlatforms) = postSolution
		{6483736D-F232-41EA-B289-62A8AD52F8D8}.Debug|Any CPU.ActiveCfg = Debug|Any CPU
		{6483736D-F232-41EA-B289-62A8AD52F8D8}.Debug|Any CPU.Build.0 = Debug|Any CPU
		{6483736D-F232-41EA-B289-62A8AD52F8D8}.Release|Any CPU.ActiveCfg = Release|Any CPU
		{6483736D-F232-41EA-B289-62A8AD52F8D8}.Release|Any CPU.Build.0 = Release|Any CPU
	EndGlobalSection
	GlobalSection(SolutionProperties) = preSolution
		HideSolutionNode = FALSE
	EndGlobalSection
	GlobalSection(ExtensibilityGlobals) = postSolution
		SolutionGuid = {9479B2E4-752C-40D4-B8F6-B13F86F1129D}
	EndGlobalSection
EndGlobal
